
Microsoft Visual Studio Solution File, Format Version 12.00
Project("{FAE04EC0-301F-11D3-BF4B-00C04F79EFBC}") = "NLuaTests", "NLuaTests\NLuaTests.csproj", "{AF7D5F7E-7C1F-41B9-98AE-1844EC0D627B}"
EndProject
Global
	GlobalSection(SolutionConfigurationPlatforms) = preSolution
		Debug|Any CPU = Debug|Any CPU
		Release|Any CPU = Release|Any CPU
	EndGlobalSection
	GlobalSection(ProjectConfigurationPlatforms) = postSolution
		{AF7D5F7E-7C1F-41B9-98AE-1844EC0D627B}.Debug|Any CPU.ActiveCfg = Debug|Any CPU
		{AF7D5F7E-7C1F-41B9-98AE-1844EC0D627B}.Debug|Any CPU.Build.0 = Debug|Any CPU
		{AF7D5F7E-7C1F-41B9-98AE-1844EC0D627B}.Release|Any CPU.ActiveCfg = Release|Any CPU
		{AF7D5F7E-7C1F-41B9-98AE-1844EC0D627B}.Release|Any CPU.Build.0 = Release|Any CPU
	EndGlobalSection
EndGlobal
